// !$*UTF8*$!
{
	archiveVersion = 1;
	classes = {
	};
	objectVersion = 56;
	objects = {

/* Begin PBXBuildFile section */
		52A9E2AD29FC91C2009522AB /* LaPizzaApp.swift in Sources */ = {isa = PBXBuildFile; fileRef = 52A9E2AC29FC91C2009522AB /* LaPizzaApp.swift */; };
		52A9E2AF29FC91C2009522AB /* ContentView.swift in Sources */ = {isa = PBXBuildFile; fileRef = 52A9E2AE29FC91C2009522AB /* ContentView.swift */; };
		52A9E2B129FC91C4009522AB /* Assets.xcassets in Resources */ = {isa = PBXBuildFile; fileRef = 52A9E2B029FC91C4009522AB /* Assets.xcassets */; };
		52A9E2B429FC91C4009522AB /* Preview Assets.xcassets in Resources */ = {isa = PBXBuildFile; fileRef = 52A9E2B329FC91C4009522AB /* Preview Assets.xcassets */; };
		52A9E2C129FCACF7009522AB /* LogoView.swift in Sources */ = {isa = PBXBuildFile; fileRef = 52A9E2C029FCACF7009522AB /* LogoView.swift */; };
		52A9E2C329FCDC20009522AB /* OrderHeaderView.swift in Sources */ = {isa = PBXBuildFile; fileRef = 52A9E2C229FCDC20009522AB /* OrderHeaderView.swift */; };
		52A9E2C629FCDEF9009522AB /* OrderTotalView.swift in Sources */ = {isa = PBXBuildFile; fileRef = 52A9E2C529FCDEF9009522AB /* OrderTotalView.swift */; };
		52A9E2C929FCE19C009522AB /* ItemView.swift in Sources */ = {isa = PBXBuildFile; fileRef = 52A9E2C829FCE19C009522AB /* ItemView.swift */; };
/* End PBXBuildFile section */

/* Begin PBXFileReference section */
		52A9E2A929FC91C2009522AB /* LaPizza.app */ = {isa = PBXFileReference; explicitFileType = wrapper.application; includeInIndex = 0; path = LaPizza.app; sourceTree = BUILT_PRODUCTS_DIR; };
		52A9E2AC29FC91C2009522AB /* LaPizzaApp.swift */ = {isa = PBXFileReference; lastKnownFileType = sourcecode.swift; path = LaPizzaApp.swift; sourceTree = "<group>"; };
		52A9E2AE29FC91C2009522AB /* ContentView.swift */ = {isa = PBXFileReference; lastKnownFileType = sourcecode.swift; path = ContentView.swift; sourceTree = "<group>"; };
		52A9E2B029FC91C4009522AB /* Assets.xcassets */ = {isa = PBXFileReference; lastKnownFileType = folder.assetcatalog; path = Assets.xcassets; sourceTree = "<group>"; };
		52A9E2B329FC91C4009522AB /* Preview Assets.xcassets */ = {isa = PBXFileReference; lastKnownFileType = folder.assetcatalog; path = "Preview Assets.xcassets"; sourceTree = "<group>"; };
		52A9E2C029FCACF7009522AB /* LogoView.swift */ = {isa = PBXFileReference; lastKnownFileType = sourcecode.swift; path = LogoView.swift; sourceTree = "<group>"; };
		52A9E2C229FCDC20009522AB /* OrderHeaderView.swift */ = {isa = PBXFileReference; lastKnownFileType = sourcecode.swift; path = OrderHeaderView.swift; sourceTree = "<group>"; };
		52A9E2C529FCDEF9009522AB /* OrderTotalView.swift */ = {isa = PBXFileReference; lastKnownFileType = sourcecode.swift; path = OrderTotalView.swift; sourceTree = "<group>"; };
		52A9E2C829FCE19C009522AB /* ItemView.swift */ = {isa = PBXFileReference; lastKnownFileType = sourcecode.swift; path = ItemView.swift; sourceTree = "<group>"; };
/* End PBXFileReference section */

/* Begin PBXFrameworksBuildPhase section */
		52A9E2A629FC91C2009522AB /* Frameworks */ = {
			isa = PBXFrameworksBuildPhase;
			buildActionMask = 2147483647;
			files = (
			);
			runOnlyForDeploymentPostprocessing = 0;
		};
/* End PBXFrameworksBuildPhase section */

/* Begin PBXGroup section */
		52A9E2A029FC91C2009522AB = {
			isa = PBXGroup;
			children = (
				52A9E2AB29FC91C2009522AB /* LaPizza */,
				52A9E2AA29FC91C2009522AB /* Products */,
			);
			sourceTree = "<group>";
		};
		52A9E2AA29FC91C2009522AB /* Products */ = {
			isa = PBXGroup;
			children = (
				52A9E2A929FC91C2009522AB /* LaPizza.app */,
			);
			name = Products;
			sourceTree = "<group>";
		};
		52A9E2AB29FC91C2009522AB /* LaPizza */ = {
			isa = PBXGroup;
			children = (
				52A9E2CD29FD7E10009522AB /* Resources */,
				52A9E2CA29FD7D52009522AB /* Sources */,
				52A9E2B229FC91C4009522AB /* Preview Content */,
			);
			path = LaPizza;
			sourceTree = "<group>";
		};
		52A9E2B229FC91C4009522AB /* Preview Content */ = {
			isa = PBXGroup;
			children = (
				52A9E2B329FC91C4009522AB /* Preview Assets.xcassets */,
			);
			path = "Preview Content";
			sourceTree = "<group>";
		};
		52A9E2BE29FCAC2C009522AB /* View */ = {
			isa = PBXGroup;
			children = (
				52A9E2C029FCACF7009522AB /* LogoView.swift */,
			);
			path = View;
			sourceTree = "<group>";
		};
		52A9E2BF29FCAC63009522AB /* Home */ = {
			isa = PBXGroup;
			children = (
				52A9E2BE29FCAC2C009522AB /* View */,
			);
			path = Home;
			sourceTree = "<group>";
		};
		52A9E2C429FCDDDC009522AB /* Orders */ = {
			isa = PBXGroup;
			children = (
				52A9E2C229FCDC20009522AB /* OrderHeaderView.swift */,
				52A9E2C529FCDEF9009522AB /* OrderTotalView.swift */,
			);
			path = Orders;
			sourceTree = "<group>";
		};
		52A9E2C729FCE18E009522AB /* Item */ = {
			isa = PBXGroup;
			children = (
				52A9E2C829FCE19C009522AB /* ItemView.swift */,
			);
			path = Item;
			sourceTree = "<group>";
		};
		52A9E2CA29FD7D52009522AB /* Sources */ = {
			isa = PBXGroup;
			children = (
				52A9E2CC29FD7DDA009522AB /* App */,
				52A9E2BF29FCAC63009522AB /* Home */,
				52A9E2C429FCDDDC009522AB /* Orders */,
				52A9E2CB29FD7D72009522AB /* Cart */,
			);
			path = Sources;
			sourceTree = "<group>";
		};
		52A9E2CB29FD7D72009522AB /* Cart */ = {
			isa = PBXGroup;
			children = (
				52A9E2C729FCE18E009522AB /* Item */,
			);
			path = Cart;
			sourceTree = "<group>";
		};
		52A9E2CC29FD7DDA009522AB /* App */ = {
			isa = PBXGroup;
			children = (
				52A9E2AC29FC91C2009522AB /* LaPizzaApp.swift */,
				52A9E2AE29FC91C2009522AB /* ContentView.swift */,
			);
			path = App;
			sourceTree = "<group>";
		};
		52A9E2CD29FD7E10009522AB /* Resources */ = {
			isa = PBXGroup;
			children = (
				52A9E2B029FC91C4009522AB /* Assets.xcassets */,
			);
			path = Resources;
			sourceTree = "<group>";
		};
/* End PBXGroup section */

/* Begin PBXNativeTarget section */
		52A9E2A829FC91C2009522AB /* LaPizza */ = {
			isa = PBXNativeTarget;
			buildConfigurationList = 52A9E2B729FC91C4009522AB /* Build configuration list for PBXNativeTarget "LaPizza" */;
			buildPhases = (
				52A9E2A529FC91C2009522AB /* Sources */,
				52A9E2A629FC91C2009522AB /* Frameworks */,
				52A9E2A729FC91C2009522AB /* Resources */,
			);
			buildRules = (
			);
			dependencies = (
			);
			name = LaPizza;
			productName = LaPizza;
			productReference = 52A9E2A929FC91C2009522AB /* LaPizza.app */;
			productType = "com.apple.product-type.application";
		};
/* End PBXNativeTarget section */

/* Begin PBXProject section */
		52A9E2A129FC91C2009522AB /* Project object */ = {
			isa = PBXProject;
			attributes = {
				BuildIndependentTargetsInParallel = 1;
				LastSwiftUpdateCheck = 1410;
				LastUpgradeCheck = 1410;
				TargetAttributes = {
					52A9E2A829FC91C2009522AB = {
						CreatedOnToolsVersion = 14.1;
					};
				};
			};
			buildConfigurationList = 52A9E2A429FC91C2009522AB /* Build configuration list for PBXProject "LaPizza" */;
			compatibilityVersion = "Xcode 14.0";
			developmentRegion = en;
			hasScannedForEncodings = 0;
			knownRegions = (
				en,
				Base,
			);
			mainGroup = 52A9E2A029FC91C2009522AB;
			productRefGroup = 52A9E2AA29FC91C2009522AB /* Products */;
			projectDirPath = "";
			projectRoot = "";
			targets = (
				52A9E2A829FC91C2009522AB /* LaPizza */,
			);
		};
/* End PBXProject section */

/* Begin PBXResourcesBuildPhase section */
		52A9E2A729FC91C2009522AB /* Resources */ = {
			isa = PBXResourcesBuildPhase;
			buildActionMask = 2147483647;
			files = (
				52A9E2B429FC91C4009522AB /* Preview Assets.xcassets in Resources */,
				52A9E2B129FC91C4009522AB /* Assets.xcassets in Resources */,
			);
			runOnlyForDeploymentPostprocessing = 0;
		};
/* End PBXResourcesBuildPhase section */

/* Begin PBXSourcesBuildPhase section */
		52A9E2A529FC91C2009522AB /* Sources */ = {
			isa = PBXSourcesBuildPhase;
			buildActionMask = 2147483647;
			files = (
				52A9E2C329FCDC20009522AB /* OrderHeaderView.swift in Sources */,
				52A9E2C929FCE19C009522AB /* ItemView.swift in Sources */,
				52A9E2AF29FC91C2009522AB /* ContentView.swift in Sources */,
				52A9E2C129FCACF7009522AB /* LogoView.swift in Sources */,
				52A9E2AD29FC91C2009522AB /* LaPizzaApp.swift in Sources */,
				52A9E2C629FCDEF9009522AB /* OrderTotalView.swift in Sources */,
			);
			runOnlyForDeploymentPostprocessing = 0;
		};
/* End PBXSourcesBuildPhase section */

/* Begin XCBuildConfiguration section */
		52A9E2B529FC91C4009522AB /* Debug */ = {
			isa = XCBuildConfiguration;
			buildSettings = {
				ALWAYS_SEARCH_USER_PATHS = NO;
				CLANG_ANALYZER_NONNULL = YES;
				CLANG_ANALYZER_NUMBER_OBJECT_CONVERSION = YES_AGGRESSIVE;
				CLANG_CXX_LANGUAGE_STANDARD = "gnu++20";
				CLANG_ENABLE_MODULES = YES;
				CLANG_ENABLE_OBJC_ARC = YES;
				CLANG_ENABLE_OBJC_WEAK = YES;
				CLANG_WARN_BLOCK_CAPTURE_AUTORELEASING = YES;
				CLANG_WARN_BOOL_CONVERSION = YES;
				CLANG_WARN_COMMA = YES;
				CLANG_WARN_CONSTANT_CONVERSION = YES;
				CLANG_WARN_DEPRECATED_OBJC_IMPLEMENTATIONS = YES;
				CLANG_WARN_DIRECT_OBJC_ISA_USAGE = YES_ERROR;
				CLANG_WARN_DOCUMENTATION_COMMENTS = YES;
				CLANG_WARN_EMPTY_BODY = YES;
				CLANG_WARN_ENUM_CONVERSION = YES;
				CLANG_WARN_INFINITE_RECURSION = YES;
				CLANG_WARN_INT_CONVERSION = YES;
				CLANG_WARN_NON_LITERAL_NULL_CONVERSION = YES;
				CLANG_WARN_OBJC_IMPLICIT_RETAIN_SELF = YES;
				CLANG_WARN_OBJC_LITERAL_CONVERSION = YES;
				CLANG_WARN_OBJC_ROOT_CLASS = YES_ERROR;
				CLANG_WARN_QUOTED_INCLUDE_IN_FRAMEWORK_HEADER = YES;
				CLANG_WARN_RANGE_LOOP_ANALYSIS = YES;
				CLANG_WARN_STRICT_PROTOTYPES = YES;
				CLANG_WARN_SUSPICIOUS_MOVE = YES;
				CLANG_WARN_UNGUARDED_AVAILABILITY = YES_AGGRESSIVE;
				CLANG_WARN_UNREACHABLE_CODE = YES;
				CLANG_WARN__DUPLICATE_METHOD_MATCH = YES;
				COPY_PHASE_STRIP = NO;
				DEBUG_INFORMATION_FORMAT = dwarf;
				ENABLE_STRICT_OBJC_MSGSEND = YES;
				ENABLE_TESTABILITY = YES;
				GCC_C_LANGUAGE_STANDARD = gnu11;
				GCC_DYNAMIC_NO_PIC = NO;
				GCC_NO_COMMON_BLOCKS = YES;
				GCC_OPTIMIZATION_LEVEL = 0;
				GCC_PREPROCESSOR_DEFINITIONS = (
					"DEBUG=1",
					"$(inherited)",
				);
				GCC_WARN_64_TO_32_BIT_CONVERSION = YES;
				GCC_WARN_ABOUT_RETURN_TYPE = YES_ERROR;
				GCC_WARN_UNDECLARED_SELECTOR = YES;
				GCC_WARN_UNINITIALIZED_AUTOS = YES_AGGRESSIVE;
				GCC_WARN_UNUSED_FUNCTION = YES;
				GCC_WARN_UNUSED_VARIABLE = YES;
				IPHONEOS_DEPLOYMENT_TARGET = 16.1;
				MTL_ENABLE_DEBUG_INFO = INCLUDE_SOURCE;
				MTL_FAST_MATH = YES;
				ONLY_ACTIVE_ARCH = YES;
				SDKROOT = iphoneos;
				SWIFT_ACTIVE_COMPILATION_CONDITIONS = DEBUG;
				SWIFT_OPTIMIZATION_LEVEL = "-Onone";
			};
			name = Debug;
		};
		52A9E2B629FC91C4009522AB /* Release */ = {
			isa = XCBuildConfiguration;
			buildSettings = {
				ALWAYS_SEARCH_USER_PATHS = NO;
				CLANG_ANALYZER_NONNULL = YES;
				CLANG_ANALYZER_NUMBER_OBJECT_CONVERSION = YES_AGGRESSIVE;
				CLANG_CXX_LANGUAGE_STANDARD = "gnu++20";
				CLANG_ENABLE_MODULES = YES;
				CLANG_ENABLE_OBJC_ARC = YES;
				CLANG_ENABLE_OBJC_WEAK = YES;
				CLANG_WARN_BLOCK_CAPTURE_AUTORELEASING = YES;
				CLANG_WARN_BOOL_CONVERSION = YES;
				CLANG_WARN_COMMA = YES;
				CLANG_WARN_CONSTANT_CONVERSION = YES;
				CLANG_WARN_DEPRECATED_OBJC_IMPLEMENTATIONS = YES;
				CLANG_WARN_DIRECT_OBJC_ISA_USAGE = YES_ERROR;
				CLANG_WARN_DOCUMENTATION_COMMENTS = YES;
				CLANG_WARN_EMPTY_BODY = YES;
				CLANG_WARN_ENUM_CONVERSION = YES;
				CLANG_WARN_INFINITE_RECURSION = YES;
				CLANG_WARN_INT_CONVERSION = YES;
				CLANG_WARN_NON_LITERAL_NULL_CONVERSION = YES;
				CLANG_WARN_OBJC_IMPLICIT_RETAIN_SELF = YES;
				CLANG_WARN_OBJC_LITERAL_CONVERSION = YES;
				CLANG_WARN_OBJC_ROOT_CLASS = YES_ERROR;
				CLANG_WARN_QUOTED_INCLUDE_IN_FRAMEWORK_HEADER = YES;
				CLANG_WARN_RANGE_LOOP_ANALYSIS = YES;
				CLANG_WARN_STRICT_PROTOTYPES = YES;
				CLANG_WARN_SUSPICIOUS_MOVE = YES;
				CLANG_WARN_UNGUARDED_AVAILABILITY = YES_AGGRESSIVE;
				CLANG_WARN_UNREACHABLE_CODE = YES;
				CLANG_WARN__DUPLICATE_METHOD_MATCH = YES;
				COPY_PHASE_STRIP = NO;
				DEBUG_INFORMATION_FORMAT = "dwarf-with-dsym";
				ENABLE_NS_ASSERTIONS = NO;
				ENABLE_STRICT_OBJC_MSGSEND = YES;
				GCC_C_LANGUAGE_STANDARD = gnu11;
				GCC_NO_COMMON_BLOCKS = YES;
				GCC_WARN_64_TO_32_BIT_CONVERSION = YES;
				GCC_WARN_ABOUT_RETURN_TYPE = YES_ERROR;
				GCC_WARN_UNDECLARED_SELECTOR = YES;
				GCC_WARN_UNINITIALIZED_AUTOS = YES_AGGRESSIVE;
				GCC_WARN_UNUSED_FUNCTION = YES;
				GCC_WARN_UNUSED_VARIABLE = YES;
				IPHONEOS_DEPLOYMENT_TARGET = 16.1;
				MTL_ENABLE_DEBUG_INFO = NO;
				MTL_FAST_MATH = YES;
				SDKROOT = iphoneos;
				SWIFT_COMPILATION_MODE = wholemodule;
				SWIFT_OPTIMIZATION_LEVEL = "-O";
				VALIDATE_PRODUCT = YES;
			};
			name = Release;
		};
		52A9E2B829FC91C4009522AB /* Debug */ = {
			isa = XCBuildConfiguration;
			buildSettings = {
				ASSETCATALOG_COMPILER_APPICON_NAME = AppIcon;
				ASSETCATALOG_COMPILER_GLOBAL_ACCENT_COLOR_NAME = AccentColor;
				CODE_SIGN_STYLE = Automatic;
				CURRENT_PROJECT_VERSION = 1;
				DEVELOPMENT_ASSET_PATHS = "\"LaPizza/Preview Content\"";
				DEVELOPMENT_TEAM = XWYBXAANR7;
				ENABLE_PREVIEWS = YES;
				GENERATE_INFOPLIST_FILE = YES;
				INFOPLIST_KEY_CFBundleDisplayName = "La Pizza";
				INFOPLIST_KEY_UIApplicationSceneManifest_Generation = YES;
				INFOPLIST_KEY_UIApplicationSupportsIndirectInputEvents = YES;
				INFOPLIST_KEY_UILaunchScreen_Generation = YES;
				INFOPLIST_KEY_UISupportedInterfaceOrientations_iPad = "UIInterfaceOrientationPortrait UIInterfaceOrientationPortraitUpsideDown UIInterfaceOrientationLandscapeLeft UIInterfaceOrientationLandscapeRight";
				INFOPLIST_KEY_UISupportedInterfaceOrientations_iPhone = "UIInterfaceOrientationPortrait UIInterfaceOrientationLandscapeLeft UIInterfaceOrientationLandscapeRight";
				IPHONEOS_DEPLOYMENT_TARGET = 15.0;
				LD_RUNPATH_SEARCH_PATHS = (
					"$(inherited)",
					"@executable_path/Frameworks",
				);
				MARKETING_VERSION = 1.0;
				PRODUCT_BUNDLE_IDENTIFIER = com.palaguachi.LaPizza;
				PRODUCT_NAME = "$(TARGET_NAME)";
				SWIFT_EMIT_LOC_STRINGS = YES;
				SWIFT_VERSION = 5.0;
				TARGETED_DEVICE_FAMILY = "1,2";
			};
			name = Debug;
		};
		52A9E2B929FC91C4009522AB /* Release */ = {
			isa = XCBuildConfiguration;
			buildSettings = {
				ASSETCATALOG_COMPILER_APPICON_NAME = AppIcon;
				ASSETCATALOG_COMPILER_GLOBAL_ACCENT_COLOR_NAME = AccentColor;
				CODE_SIGN_STYLE = Automatic;
				CURRENT_PROJECT_VERSION = 1;
				DEVELOPMENT_ASSET_PATHS = "\"LaPizza/Preview Content\"";
				DEVELOPMENT_TEAM = XWYBXAANR7;
				ENABLE_PREVIEWS = YES;
				GENERATE_INFOPLIST_FILE = YES;
				INFOPLIST_KEY_CFBundleDisplayName = "La Pizza";
				INFOPLIST_KEY_UIApplicationSceneManifest_Generation = YES;
				INFOPLIST_KEY_UIApplicationSupportsIndirectInputEvents = YES;
				INFOPLIST_KEY_UILaunchScreen_Generation = YES;
				INFOPLIST_KEY_UISupportedInterfaceOrientations_iPad = "UIInterfaceOrientationPortrait UIInterfaceOrientationPortraitUpsideDown UIInterfaceOrientationLandscapeLeft UIInterfaceOrientationLandscapeRight";
				INFOPLIST_KEY_UISupportedInterfaceOrientations_iPhone = "UIInterfaceOrientationPortrait UIInterfaceOrientationLandscapeLeft UIInterfaceOrientationLandscapeRight";
				IPHONEOS_DEPLOYMENT_TARGET = 15.0;
				LD_RUNPATH_SEARCH_PATHS = (
					"$(inherited)",
					"@executable_path/Frameworks",
				);
				MARKETING_VERSION = 1.0;
				PRODUCT_BUNDLE_IDENTIFIER = com.palaguachi.LaPizza;
				PRODUCT_NAME = "$(TARGET_NAME)";
				SWIFT_EMIT_LOC_STRINGS = YES;
				SWIFT_VERSION = 5.0;
				TARGETED_DEVICE_FAMILY = "1,2";
			};
			name = Release;
		};
/* End XCBuildConfiguration section */

/* Begin XCConfigurationList section */
		52A9E2A429FC91C2009522AB /* Build configuration list for PBXProject "LaPizza" */ = {
			isa = XCConfigurationList;
			buildConfigurations = (
				52A9E2B529FC91C4009522AB /* Debug */,
				52A9E2B629FC91C4009522AB /* Release */,
			);
			defaultConfigurationIsVisible = 0;
			defaultConfigurationName = Release;
		};
		52A9E2B729FC91C4009522AB /* Build configuration list for PBXNativeTarget "LaPizza" */ = {
			isa = XCConfigurationList;
			buildConfigurations = (
				52A9E2B829FC91C4009522AB /* Debug */,
				52A9E2B929FC91C4009522AB /* Release */,
			);
			defaultConfigurationIsVisible = 0;
			defaultConfigurationName = Release;
		};
/* End XCConfigurationList section */
	};
	rootObject = 52A9E2A129FC91C2009522AB /* Project object */;
}
