// !$*UTF8*$!
{
	archiveVersion = 1;
	classes = {
	};
	objectVersion = 56;
	objects = {

/* Begin PBXBuildFile section */
		52FEACD42BF5A44600429726 /* PluginAPIs.docc in Sources */ = {isa = PBXBuildFile; fileRef = 52FEACD32BF5A44600429726 /* PluginAPIs.docc */; };
		52FEACDA2BF5A44600429726 /* PluginAPIs.framework in Frameworks */ = {isa = PBXBuildFile; fileRef = 52FEACCF2BF5A44600429726 /* PluginAPIs.framework */; };
		52FEACDF2BF5A44600429726 /* PluginAPIsTests.swift in Sources */ = {isa = PBXBuildFile; fileRef = 52FEACDE2BF5A44600429726 /* PluginAPIsTests.swift */; };
		52FEACE02BF5A44600429726 /* PluginAPIs.h in Headers */ = {isa = PBXBuildFile; fileRef = 52FEACD22BF5A44600429726 /* PluginAPIs.h */; settings = {ATTRIBUTES = (Public, ); }; };
		52FEACF52BF5A52D00429726 /* HubCenterAPI.swift in Sources */ = {isa = PBXBuildFile; fileRef = 52FEACF42BF5A52D00429726 /* HubCenterAPI.swift */; };
/* End PBXBuildFile section */

/* Begin PBXContainerItemProxy section */
		52FEACDB2BF5A44600429726 /* PBXContainerItemProxy */ = {
			isa = PBXContainerItemProxy;
			containerPortal = 52FEACC62BF5A44600429726 /* Project object */;
			proxyType = 1;
			remoteGlobalIDString = 52FEACCE2BF5A44600429726;
			remoteInfo = PluginAPIs;
		};
/* End PBXContainerItemProxy section */

/* Begin PBXFileReference section */
		52FEACCF2BF5A44600429726 /* PluginAPIs.framework */ = {isa = PBXFileReference; explicitFileType = wrapper.framework; includeInIndex = 0; path = PluginAPIs.framework; sourceTree = BUILT_PRODUCTS_DIR; };
		52FEACD22BF5A44600429726 /* PluginAPIs.h */ = {isa = PBXFileReference; lastKnownFileType = sourcecode.c.h; path = PluginAPIs.h; sourceTree = "<group>"; };
		52FEACD32BF5A44600429726 /* PluginAPIs.docc */ = {isa = PBXFileReference; lastKnownFileType = folder.documentationcatalog; path = PluginAPIs.docc; sourceTree = "<group>"; };
		52FEACD92BF5A44600429726 /* PluginAPIsTests.xctest */ = {isa = PBXFileReference; explicitFileType = wrapper.cfbundle; includeInIndex = 0; path = PluginAPIsTests.xctest; sourceTree = BUILT_PRODUCTS_DIR; };
		52FEACDE2BF5A44600429726 /* PluginAPIsTests.swift */ = {isa = PBXFileReference; lastKnownFileType = sourcecode.swift; path = PluginAPIsTests.swift; sourceTree = "<group>"; };
		52FEACF42BF5A52D00429726 /* HubCenterAPI.swift */ = {isa = PBXFileReference; lastKnownFileType = sourcecode.swift; path = HubCenterAPI.swift; sourceTree = "<group>"; };
/* End PBXFileReference section */

/* Begin PBXFrameworksBuildPhase section */
		52FEACCC2BF5A44600429726 /* Frameworks */ = {
			isa = PBXFrameworksBuildPhase;
			buildActionMask = 2147483647;
			files = (
			);
			runOnlyForDeploymentPostprocessing = 0;
		};
		52FEACD62BF5A44600429726 /* Frameworks */ = {
			isa = PBXFrameworksBuildPhase;
			buildActionMask = 2147483647;
			files = (
				52FEACDA2BF5A44600429726 /* PluginAPIs.framework in Frameworks */,
			);
			runOnlyForDeploymentPostprocessing = 0;
		};
/* End PBXFrameworksBuildPhase section */

/* Begin PBXGroup section */
		52FEACC52BF5A44600429726 = {
			isa = PBXGroup;
			children = (
				52FEACF32BF5A4EE00429726 /* Project */,
				52FEACD02BF5A44600429726 /* Products */,
			);
			sourceTree = "<group>";
		};
		52FEACD02BF5A44600429726 /* Products */ = {
			isa = PBXGroup;
			children = (
				52FEACCF2BF5A44600429726 /* PluginAPIs.framework */,
				52FEACD92BF5A44600429726 /* PluginAPIsTests.xctest */,
			);
			name = Products;
			sourceTree = "<group>";
		};
		52FEACD12BF5A44600429726 /* PluginAPIs */ = {
			isa = PBXGroup;
			children = (
				52FEACE92BF5A44E00429726 /* Sources */,
				52FEACD22BF5A44600429726 /* PluginAPIs.h */,
				52FEACD32BF5A44600429726 /* PluginAPIs.docc */,
			);
			path = PluginAPIs;
			sourceTree = "<group>";
		};
		52FEACDD2BF5A44600429726 /* PluginAPIsTests */ = {
			isa = PBXGroup;
			children = (
				52FEACDE2BF5A44600429726 /* PluginAPIsTests.swift */,
			);
			path = PluginAPIsTests;
			sourceTree = "<group>";
		};
		52FEACE92BF5A44E00429726 /* Sources */ = {
			isa = PBXGroup;
			children = (
				52FEACF42BF5A52D00429726 /* HubCenterAPI.swift */,
			);
			path = Sources;
			sourceTree = "<group>";
		};
		52FEACF32BF5A4EE00429726 /* Project */ = {
			isa = PBXGroup;
			children = (
				52FEACD12BF5A44600429726 /* PluginAPIs */,
				52FEACDD2BF5A44600429726 /* PluginAPIsTests */,
			);
			path = Project;
			sourceTree = "<group>";
		};
/* End PBXGroup section */

/* Begin PBXHeadersBuildPhase section */
		52FEACCA2BF5A44600429726 /* Headers */ = {
			isa = PBXHeadersBuildPhase;
			buildActionMask = 2147483647;
			files = (
				52FEACE02BF5A44600429726 /* PluginAPIs.h in Headers */,
			);
			runOnlyForDeploymentPostprocessing = 0;
		};
/* End PBXHeadersBuildPhase section */

/* Begin PBXNativeTarget section */
		52FEACCE2BF5A44600429726 /* PluginAPIs */ = {
			isa = PBXNativeTarget;
			buildConfigurationList = 52FEACE32BF5A44600429726 /* Build configuration list for PBXNativeTarget "PluginAPIs" */;
			buildPhases = (
				52FEACCA2BF5A44600429726 /* Headers */,
				52FEACCB2BF5A44600429726 /* Sources */,
				52FEACCC2BF5A44600429726 /* Frameworks */,
				52FEACCD2BF5A44600429726 /* Resources */,
			);
			buildRules = (
			);
			dependencies = (
			);
			name = PluginAPIs;
			productName = PluginAPIs;
			productReference = 52FEACCF2BF5A44600429726 /* PluginAPIs.framework */;
			productType = "com.apple.product-type.framework";
		};
		52FEACD82BF5A44600429726 /* PluginAPIsTests */ = {
			isa = PBXNativeTarget;
			buildConfigurationList = 52FEACE62BF5A44600429726 /* Build configuration list for PBXNativeTarget "PluginAPIsTests" */;
			buildPhases = (
				52FEACD52BF5A44600429726 /* Sources */,
				52FEACD62BF5A44600429726 /* Frameworks */,
				52FEACD72BF5A44600429726 /* Resources */,
			);
			buildRules = (
			);
			dependencies = (
				52FEACDC2BF5A44600429726 /* PBXTargetDependency */,
			);
			name = PluginAPIsTests;
			productName = PluginAPIsTests;
			productReference = 52FEACD92BF5A44600429726 /* PluginAPIsTests.xctest */;
			productType = "com.apple.product-type.bundle.unit-test";
		};
/* End PBXNativeTarget section */

/* Begin PBXProject section */
		52FEACC62BF5A44600429726 /* Project object */ = {
			isa = PBXProject;
			attributes = {
				BuildIndependentTargetsInParallel = 1;
				LastSwiftUpdateCheck = 1500;
				LastUpgradeCheck = 1500;
				TargetAttributes = {
					52FEACCE2BF5A44600429726 = {
						CreatedOnToolsVersion = 15.0.1;
					};
					52FEACD82BF5A44600429726 = {
						CreatedOnToolsVersion = 15.0.1;
					};
				};
			};
			buildConfigurationList = 52FEACC92BF5A44600429726 /* Build configuration list for PBXProject "PluginAPIs" */;
			compatibilityVersion = "Xcode 14.0";
			developmentRegion = en;
			hasScannedForEncodings = 0;
			knownRegions = (
				en,
				Base,
			);
			mainGroup = 52FEACC52BF5A44600429726;
			productRefGroup = 52FEACD02BF5A44600429726 /* Products */;
			projectDirPath = "";
			projectRoot = "";
			targets = (
				52FEACCE2BF5A44600429726 /* PluginAPIs */,
				52FEACD82BF5A44600429726 /* PluginAPIsTests */,
			);
		};
/* End PBXProject section */

/* Begin PBXResourcesBuildPhase section */
		52FEACCD2BF5A44600429726 /* Resources */ = {
			isa = PBXResourcesBuildPhase;
			buildActionMask = 2147483647;
			files = (
			);
			runOnlyForDeploymentPostprocessing = 0;
		};
		52FEACD72BF5A44600429726 /* Resources */ = {
			isa = PBXResourcesBuildPhase;
			buildActionMask = 2147483647;
			files = (
			);
			runOnlyForDeploymentPostprocessing = 0;
		};
/* End PBXResourcesBuildPhase section */

/* Begin PBXSourcesBuildPhase section */
		52FEACCB2BF5A44600429726 /* Sources */ = {
			isa = PBXSourcesBuildPhase;
			buildActionMask = 2147483647;
			files = (
				52FEACD42BF5A44600429726 /* PluginAPIs.docc in Sources */,
				52FEACF52BF5A52D00429726 /* HubCenterAPI.swift in Sources */,
			);
			runOnlyForDeploymentPostprocessing = 0;
		};
		52FEACD52BF5A44600429726 /* Sources */ = {
			isa = PBXSourcesBuildPhase;
			buildActionMask = 2147483647;
			files = (
				52FEACDF2BF5A44600429726 /* PluginAPIsTests.swift in Sources */,
			);
			runOnlyForDeploymentPostprocessing = 0;
		};
/* End PBXSourcesBuildPhase section */

/* Begin PBXTargetDependency section */
		52FEACDC2BF5A44600429726 /* PBXTargetDependency */ = {
			isa = PBXTargetDependency;
			target = 52FEACCE2BF5A44600429726 /* PluginAPIs */;
			targetProxy = 52FEACDB2BF5A44600429726 /* PBXContainerItemProxy */;
		};
/* End PBXTargetDependency section */

/* Begin XCBuildConfiguration section */
		52FEACE12BF5A44600429726 /* Debug */ = {
			isa = XCBuildConfiguration;
			buildSettings = {
				ALWAYS_SEARCH_USER_PATHS = NO;
				ASSETCATALOG_COMPILER_GENERATE_SWIFT_ASSET_SYMBOL_EXTENSIONS = YES;
				CLANG_ANALYZER_NONNULL = YES;
				CLANG_ANALYZER_NUMBER_OBJECT_CONVERSION = YES_AGGRESSIVE;
				CLANG_CXX_LANGUAGE_STANDARD = "gnu++20";
				CLANG_ENABLE_MODULES = YES;
				CLANG_ENABLE_OBJC_ARC = YES;
				CLANG_ENABLE_OBJC_WEAK = YES;
				CLANG_WARN_BLOCK_CAPTURE_AUTORELEASING = YES;
				CLANG_WARN_BOOL_CONVERSION = YES;
				CLANG_WARN_COMMA = YES;
				CLANG_WARN_CONSTANT_CONVERSION = YES;
				CLANG_WARN_DEPRECATED_OBJC_IMPLEMENTATIONS = YES;
				CLANG_WARN_DIRECT_OBJC_ISA_USAGE = YES_ERROR;
				CLANG_WARN_DOCUMENTATION_COMMENTS = YES;
				CLANG_WARN_EMPTY_BODY = YES;
				CLANG_WARN_ENUM_CONVERSION = YES;
				CLANG_WARN_INFINITE_RECURSION = YES;
				CLANG_WARN_INT_CONVERSION = YES;
				CLANG_WARN_NON_LITERAL_NULL_CONVERSION = YES;
				CLANG_WARN_OBJC_IMPLICIT_RETAIN_SELF = YES;
				CLANG_WARN_OBJC_LITERAL_CONVERSION = YES;
				CLANG_WARN_OBJC_ROOT_CLASS = YES_ERROR;
				CLANG_WARN_QUOTED_INCLUDE_IN_FRAMEWORK_HEADER = YES;
				CLANG_WARN_RANGE_LOOP_ANALYSIS = YES;
				CLANG_WARN_STRICT_PROTOTYPES = YES;
				CLANG_WARN_SUSPICIOUS_MOVE = YES;
				CLANG_WARN_UNGUARDED_AVAILABILITY = YES_AGGRESSIVE;
				CLANG_WARN_UNREACHABLE_CODE = YES;
				CLANG_WARN__DUPLICATE_METHOD_MATCH = YES;
				COPY_PHASE_STRIP = NO;
				CURRENT_PROJECT_VERSION = 1;
				DEBUG_INFORMATION_FORMAT = dwarf;
				ENABLE_STRICT_OBJC_MSGSEND = YES;
				ENABLE_TESTABILITY = YES;
				ENABLE_USER_SCRIPT_SANDBOXING = YES;
				GCC_C_LANGUAGE_STANDARD = gnu17;
				GCC_DYNAMIC_NO_PIC = NO;
				GCC_NO_COMMON_BLOCKS = YES;
				GCC_OPTIMIZATION_LEVEL = 0;
				GCC_PREPROCESSOR_DEFINITIONS = (
					"DEBUG=1",
					"$(inherited)",
				);
				GCC_WARN_64_TO_32_BIT_CONVERSION = YES;
				GCC_WARN_ABOUT_RETURN_TYPE = YES_ERROR;
				GCC_WARN_UNDECLARED_SELECTOR = YES;
				GCC_WARN_UNINITIALIZED_AUTOS = YES_AGGRESSIVE;
				GCC_WARN_UNUSED_FUNCTION = YES;
				GCC_WARN_UNUSED_VARIABLE = YES;
				IPHONEOS_DEPLOYMENT_TARGET = 17.0;
				LOCALIZATION_PREFERS_STRING_CATALOGS = YES;
				MTL_ENABLE_DEBUG_INFO = INCLUDE_SOURCE;
				MTL_FAST_MATH = YES;
				ONLY_ACTIVE_ARCH = YES;
				SDKROOT = iphoneos;
				SWIFT_ACTIVE_COMPILATION_CONDITIONS = "DEBUG $(inherited)";
				SWIFT_OPTIMIZATION_LEVEL = "-Onone";
				VERSIONING_SYSTEM = "apple-generic";
				VERSION_INFO_PREFIX = "";
			};
			name = Debug;
		};
		52FEACE22BF5A44600429726 /* Release */ = {
			isa = XCBuildConfiguration;
			buildSettings = {
				ALWAYS_SEARCH_USER_PATHS = NO;
				ASSETCATALOG_COMPILER_GENERATE_SWIFT_ASSET_SYMBOL_EXTENSIONS = YES;
				CLANG_ANALYZER_NONNULL = YES;
				CLANG_ANALYZER_NUMBER_OBJECT_CONVERSION = YES_AGGRESSIVE;
				CLANG_CXX_LANGUAGE_STANDARD = "gnu++20";
				CLANG_ENABLE_MODULES = YES;
				CLANG_ENABLE_OBJC_ARC = YES;
				CLANG_ENABLE_OBJC_WEAK = YES;
				CLANG_WARN_BLOCK_CAPTURE_AUTORELEASING = YES;
				CLANG_WARN_BOOL_CONVERSION = YES;
				CLANG_WARN_COMMA = YES;
				CLANG_WARN_CONSTANT_CONVERSION = YES;
				CLANG_WARN_DEPRECATED_OBJC_IMPLEMENTATIONS = YES;
				CLANG_WARN_DIRECT_OBJC_ISA_USAGE = YES_ERROR;
				CLANG_WARN_DOCUMENTATION_COMMENTS = YES;
				CLANG_WARN_EMPTY_BODY = YES;
				CLANG_WARN_ENUM_CONVERSION = YES;
				CLANG_WARN_INFINITE_RECURSION = YES;
				CLANG_WARN_INT_CONVERSION = YES;
				CLANG_WARN_NON_LITERAL_NULL_CONVERSION = YES;
				CLANG_WARN_OBJC_IMPLICIT_RETAIN_SELF = YES;
				CLANG_WARN_OBJC_LITERAL_CONVERSION = YES;
				CLANG_WARN_OBJC_ROOT_CLASS = YES_ERROR;
				CLANG_WARN_QUOTED_INCLUDE_IN_FRAMEWORK_HEADER = YES;
				CLANG_WARN_RANGE_LOOP_ANALYSIS = YES;
				CLANG_WARN_STRICT_PROTOTYPES = YES;
				CLANG_WARN_SUSPICIOUS_MOVE = YES;
				CLANG_WARN_UNGUARDED_AVAILABILITY = YES_AGGRESSIVE;
				CLANG_WARN_UNREACHABLE_CODE = YES;
				CLANG_WARN__DUPLICATE_METHOD_MATCH = YES;
				COPY_PHASE_STRIP = NO;
				CURRENT_PROJECT_VERSION = 1;
				DEBUG_INFORMATION_FORMAT = "dwarf-with-dsym";
				ENABLE_NS_ASSERTIONS = NO;
				ENABLE_STRICT_OBJC_MSGSEND = YES;
				ENABLE_USER_SCRIPT_SANDBOXING = YES;
				GCC_C_LANGUAGE_STANDARD = gnu17;
				GCC_NO_COMMON_BLOCKS = YES;
				GCC_WARN_64_TO_32_BIT_CONVERSION = YES;
				GCC_WARN_ABOUT_RETURN_TYPE = YES_ERROR;
				GCC_WARN_UNDECLARED_SELECTOR = YES;
				GCC_WARN_UNINITIALIZED_AUTOS = YES_AGGRESSIVE;
				GCC_WARN_UNUSED_FUNCTION = YES;
				GCC_WARN_UNUSED_VARIABLE = YES;
				IPHONEOS_DEPLOYMENT_TARGET = 17.0;
				LOCALIZATION_PREFERS_STRING_CATALOGS = YES;
				MTL_ENABLE_DEBUG_INFO = NO;
				MTL_FAST_MATH = YES;
				SDKROOT = iphoneos;
				SWIFT_COMPILATION_MODE = wholemodule;
				VALIDATE_PRODUCT = YES;
				VERSIONING_SYSTEM = "apple-generic";
				VERSION_INFO_PREFIX = "";
			};
			name = Release;
		};
		52FEACE42BF5A44600429726 /* Debug */ = {
			isa = XCBuildConfiguration;
			buildSettings = {
				CODE_SIGN_STYLE = Automatic;
				CURRENT_PROJECT_VERSION = 1;
				DEFINES_MODULE = YES;
				DEVELOPMENT_TEAM = XWYBXAANR7;
				DYLIB_COMPATIBILITY_VERSION = 1;
				DYLIB_CURRENT_VERSION = 1;
				DYLIB_INSTALL_NAME_BASE = "@rpath";
				ENABLE_MODULE_VERIFIER = YES;
				GENERATE_INFOPLIST_FILE = YES;
				INFOPLIST_KEY_NSHumanReadableCopyright = "";
				INSTALL_PATH = "$(LOCAL_LIBRARY_DIR)/Frameworks";
				LD_RUNPATH_SEARCH_PATHS = (
					"$(inherited)",
					"@executable_path/Frameworks",
					"@loader_path/Frameworks",
				);
				MARKETING_VERSION = 1.0;
				MODULE_VERIFIER_SUPPORTED_LANGUAGES = "objective-c objective-c++";
				MODULE_VERIFIER_SUPPORTED_LANGUAGE_STANDARDS = "gnu17 gnu++20";
				PRODUCT_BUNDLE_IDENTIFIER = com.module.PluginAPIs;
				PRODUCT_NAME = "$(TARGET_NAME:c99extidentifier)";
				SKIP_INSTALL = YES;
				SWIFT_EMIT_LOC_STRINGS = YES;
				SWIFT_VERSION = 5.0;
				TARGETED_DEVICE_FAMILY = "1,2";
			};
			name = Debug;
		};
		52FEACE52BF5A44600429726 /* Release */ = {
			isa = XCBuildConfiguration;
			buildSettings = {
				CODE_SIGN_STYLE = Automatic;
				CURRENT_PROJECT_VERSION = 1;
				DEFINES_MODULE = YES;
				DEVELOPMENT_TEAM = XWYBXAANR7;
				DYLIB_COMPATIBILITY_VERSION = 1;
				DYLIB_CURRENT_VERSION = 1;
				DYLIB_INSTALL_NAME_BASE = "@rpath";
				ENABLE_MODULE_VERIFIER = YES;
				GENERATE_INFOPLIST_FILE = YES;
				INFOPLIST_KEY_NSHumanReadableCopyright = "";
				INSTALL_PATH = "$(LOCAL_LIBRARY_DIR)/Frameworks";
				LD_RUNPATH_SEARCH_PATHS = (
					"$(inherited)",
					"@executable_path/Frameworks",
					"@loader_path/Frameworks",
				);
				MARKETING_VERSION = 1.0;
				MODULE_VERIFIER_SUPPORTED_LANGUAGES = "objective-c objective-c++";
				MODULE_VERIFIER_SUPPORTED_LANGUAGE_STANDARDS = "gnu17 gnu++20";
				PRODUCT_BUNDLE_IDENTIFIER = com.module.PluginAPIs;
				PRODUCT_NAME = "$(TARGET_NAME:c99extidentifier)";
				SKIP_INSTALL = YES;
				SWIFT_EMIT_LOC_STRINGS = YES;
				SWIFT_VERSION = 5.0;
				TARGETED_DEVICE_FAMILY = "1,2";
			};
			name = Release;
		};
		52FEACE72BF5A44600429726 /* Debug */ = {
			isa = XCBuildConfiguration;
			buildSettings = {
				ALWAYS_EMBED_SWIFT_STANDARD_LIBRARIES = YES;
				CODE_SIGN_STYLE = Automatic;
				CURRENT_PROJECT_VERSION = 1;
				DEVELOPMENT_TEAM = XWYBXAANR7;
				GENERATE_INFOPLIST_FILE = YES;
				MARKETING_VERSION = 1.0;
				PRODUCT_BUNDLE_IDENTIFIER = com.module.PluginAPIsTests;
				PRODUCT_NAME = "$(TARGET_NAME)";
				SWIFT_EMIT_LOC_STRINGS = NO;
				SWIFT_VERSION = 5.0;
				TARGETED_DEVICE_FAMILY = "1,2";
			};
			name = Debug;
		};
		52FEACE82BF5A44600429726 /* Release */ = {
			isa = XCBuildConfiguration;
			buildSettings = {
				ALWAYS_EMBED_SWIFT_STANDARD_LIBRARIES = YES;
				CODE_SIGN_STYLE = Automatic;
				CURRENT_PROJECT_VERSION = 1;
				DEVELOPMENT_TEAM = XWYBXAANR7;
				GENERATE_INFOPLIST_FILE = YES;
				MARKETING_VERSION = 1.0;
				PRODUCT_BUNDLE_IDENTIFIER = com.module.PluginAPIsTests;
				PRODUCT_NAME = "$(TARGET_NAME)";
				SWIFT_EMIT_LOC_STRINGS = NO;
				SWIFT_VERSION = 5.0;
				TARGETED_DEVICE_FAMILY = "1,2";
			};
			name = Release;
		};
/* End XCBuildConfiguration section */

/* Begin XCConfigurationList section */
		52FEACC92BF5A44600429726 /* Build configuration list for PBXProject "PluginAPIs" */ = {
			isa = XCConfigurationList;
			buildConfigurations = (
				52FEACE12BF5A44600429726 /* Debug */,
				52FEACE22BF5A44600429726 /* Release */,
			);
			defaultConfigurationIsVisible = 0;
			defaultConfigurationName = Release;
		};
		52FEACE32BF5A44600429726 /* Build configuration list for PBXNativeTarget "PluginAPIs" */ = {
			isa = XCConfigurationList;
			buildConfigurations = (
				52FEACE42BF5A44600429726 /* Debug */,
				52FEACE52BF5A44600429726 /* Release */,
			);
			defaultConfigurationIsVisible = 0;
			defaultConfigurationName = Release;
		};
		52FEACE62BF5A44600429726 /* Build configuration list for PBXNativeTarget "PluginAPIsTests" */ = {
			isa = XCConfigurationList;
			buildConfigurations = (
				52FEACE72BF5A44600429726 /* Debug */,
				52FEACE82BF5A44600429726 /* Release */,
			);
			defaultConfigurationIsVisible = 0;
			defaultConfigurationName = Release;
		};
/* End XCConfigurationList section */
	};
	rootObject = 52FEACC62BF5A44600429726 /* Project object */;
}
