// !$*UTF8*$!
{
	archiveVersion = 1;
	classes = {
	};
	objectVersion = 56;
	objects = {

/* Begin PBXBuildFile section */
		521175852A049CA90034ABB1 /* AppleView.swift in Sources */ = {isa = PBXBuildFile; fileRef = 521175842A049CA90034ABB1 /* AppleView.swift */; };
		521175872A049CBE0034ABB1 /* BananaView.swift in Sources */ = {isa = PBXBuildFile; fileRef = 521175862A049CBE0034ABB1 /* BananaView.swift */; };
		521175892A049CCC0034ABB1 /* CarrotView.swift in Sources */ = {isa = PBXBuildFile; fileRef = 521175882A049CCC0034ABB1 /* CarrotView.swift */; };
		5211758B2A049CDB0034ABB1 /* LemonView.swift in Sources */ = {isa = PBXBuildFile; fileRef = 5211758A2A049CDB0034ABB1 /* LemonView.swift */; };
		5211758D2A049CE50034ABB1 /* OliveView.swift in Sources */ = {isa = PBXBuildFile; fileRef = 5211758C2A049CE50034ABB1 /* OliveView.swift */; };
		521175912A04A3A90034ABB1 /* FlowCoordinator.swift in Sources */ = {isa = PBXBuildFile; fileRef = 521175902A04A3A90034ABB1 /* FlowCoordinator.swift */; };
		521175932A06DB6E0034ABB1 /* AppDelegate.swift in Sources */ = {isa = PBXBuildFile; fileRef = 521175922A06DB6E0034ABB1 /* AppDelegate.swift */; };
		521175992A06E5350034ABB1 /* Swinject in Frameworks */ = {isa = PBXBuildFile; productRef = 521175982A06E5350034ABB1 /* Swinject */; };
		5211759B2A06E5F30034ABB1 /* PluginAssembly.swift in Sources */ = {isa = PBXBuildFile; fileRef = 5211759A2A06E5F30034ABB1 /* PluginAssembly.swift */; };
		521175A62A06F1070034ABB1 /* TabContainerView.swift in Sources */ = {isa = PBXBuildFile; fileRef = 521175A52A06F1070034ABB1 /* TabContainerView.swift */; };
		521175A82A06F1830034ABB1 /* TabCoordinator.swift in Sources */ = {isa = PBXBuildFile; fileRef = 521175A72A06F1830034ABB1 /* TabCoordinator.swift */; };
		52A9E2AD29FC91C2009522AB /* MiBodegaApp.swift in Sources */ = {isa = PBXBuildFile; fileRef = 52A9E2AC29FC91C2009522AB /* MiBodegaApp.swift */; };
		52A9E2B129FC91C4009522AB /* Assets.xcassets in Resources */ = {isa = PBXBuildFile; fileRef = 52A9E2B029FC91C4009522AB /* Assets.xcassets */; };
		52A9E2B429FC91C4009522AB /* Preview Assets.xcassets in Resources */ = {isa = PBXBuildFile; fileRef = 52A9E2B329FC91C4009522AB /* Preview Assets.xcassets */; };
		52A9E2C129FCACF7009522AB /* LogoView.swift in Sources */ = {isa = PBXBuildFile; fileRef = 52A9E2C029FCACF7009522AB /* LogoView.swift */; };
		52A9E2D329FD85FD009522AB /* LocalizableString.swift in Sources */ = {isa = PBXBuildFile; fileRef = 52A9E2D229FD85FD009522AB /* LocalizableString.swift */; };
		52A9E2D429FD8D1C009522AB /* Localizable.strings in Resources */ = {isa = PBXBuildFile; fileRef = 52A9E2D629FD8D1C009522AB /* Localizable.strings */; };
		52A9E3192A021E61009522AB /* CoordinatorView.swift in Sources */ = {isa = PBXBuildFile; fileRef = 52A9E3182A021E61009522AB /* CoordinatorView.swift */; };
		52D9235F2A0A0CEC009916AE /* IconsCoordinator.swift in Sources */ = {isa = PBXBuildFile; fileRef = 52D9235E2A0A0CEC009916AE /* IconsCoordinator.swift */; };
		52F69F812A0B56A900FA674F /* Designify.framework in Frameworks */ = {isa = PBXBuildFile; fileRef = 52F69F1F2A0B22E400FA674F /* Designify.framework */; };
		52F69F822A0B56A900FA674F /* Designify.framework in Embed Frameworks */ = {isa = PBXBuildFile; fileRef = 52F69F1F2A0B22E400FA674F /* Designify.framework */; settings = {ATTRIBUTES = (CodeSignOnCopy, RemoveHeadersOnCopy, ); }; };
		52F6A0A32A0DC0AD00FA674F /* OrdersCoordinator.swift in Sources */ = {isa = PBXBuildFile; fileRef = 52F6A0A22A0DC0AD00FA674F /* OrdersCoordinator.swift */; };
		52F6A0AA2A0DC76E00FA674F /* Orders.framework in Frameworks */ = {isa = PBXBuildFile; fileRef = 52F69FF72A0DBD5300FA674F /* Orders.framework */; };
		52F6A0AB2A0DC76E00FA674F /* Orders.framework in Embed Frameworks */ = {isa = PBXBuildFile; fileRef = 52F69FF72A0DBD5300FA674F /* Orders.framework */; settings = {ATTRIBUTES = (CodeSignOnCopy, RemoveHeadersOnCopy, ); }; };
/* End PBXBuildFile section */

/* Begin PBXContainerItemProxy section */
		522B6E412A1982A600799F60 /* PBXContainerItemProxy */ = {
			isa = PBXContainerItemProxy;
			containerPortal = 52F69FF12A0DBD5300FA674F /* Orders.xcodeproj */;
			proxyType = 2;
			remoteGlobalIDString = 52A830622A1906360069B600;
			remoteInfo = OrdersMock;
		};
		522B6EA32A19C95E00799F60 /* PBXContainerItemProxy */ = {
			isa = PBXContainerItemProxy;
			containerPortal = 522B6E9E2A19C95E00799F60 /* Auth.xcodeproj */;
			proxyType = 2;
			remoteGlobalIDString = 522B6E842A19C93300799F60;
			remoteInfo = Auth;
		};
		522B6EA52A19C95E00799F60 /* PBXContainerItemProxy */ = {
			isa = PBXContainerItemProxy;
			containerPortal = 522B6E9E2A19C95E00799F60 /* Auth.xcodeproj */;
			proxyType = 2;
			remoteGlobalIDString = 522B6E8E2A19C93400799F60;
			remoteInfo = AuthTests;
		};
		524053BC2A1A7CFB00778BF1 /* PBXContainerItemProxy */ = {
			isa = PBXContainerItemProxy;
			containerPortal = 522B6E9E2A19C95E00799F60 /* Auth.xcodeproj */;
			proxyType = 2;
			remoteGlobalIDString = 522B6EAC2A19CA3000799F60;
			remoteInfo = AuthApp;
		};
		524054132A1A7E5D00778BF1 /* PBXContainerItemProxy */ = {
			isa = PBXContainerItemProxy;
			containerPortal = 5240540E2A1A7E5D00778BF1 /* MBPlatform.xcodeproj */;
			proxyType = 2;
			remoteGlobalIDString = 524053F32A1A7E2500778BF1;
			remoteInfo = MBPlatform;
		};
		524054152A1A7E5D00778BF1 /* PBXContainerItemProxy */ = {
			isa = PBXContainerItemProxy;
			containerPortal = 5240540E2A1A7E5D00778BF1 /* MBPlatform.xcodeproj */;
			proxyType = 2;
			remoteGlobalIDString = 524053FD2A1A7E2600778BF1;
			remoteInfo = MBPlatformTests;
		};
		524054752A1A8F9F00778BF1 /* PBXContainerItemProxy */ = {
			isa = PBXContainerItemProxy;
			containerPortal = 524054702A1A8F9F00778BF1 /* Persistance.xcodeproj */;
			proxyType = 2;
			remoteGlobalIDString = 524054562A1A8F8000778BF1;
			remoteInfo = Persistance;
		};
		524054772A1A8F9F00778BF1 /* PBXContainerItemProxy */ = {
			isa = PBXContainerItemProxy;
			containerPortal = 524054702A1A8F9F00778BF1 /* Persistance.xcodeproj */;
			proxyType = 2;
			remoteGlobalIDString = 524054602A1A8F8000778BF1;
			remoteInfo = PersistanceTests;
		};
		52A8304E2A187B7A0069B600 /* PBXContainerItemProxy */ = {
			isa = PBXContainerItemProxy;
			containerPortal = 52F69FF12A0DBD5300FA674F /* Orders.xcodeproj */;
			proxyType = 2;
			remoteGlobalIDString = 52A8301A2A1873BC0069B600;
			remoteInfo = OrdersApp;
		};
		52F69F1E2A0B22E400FA674F /* PBXContainerItemProxy */ = {
			isa = PBXContainerItemProxy;
			containerPortal = 52F69F192A0B22E400FA674F /* Designify.xcodeproj */;
			proxyType = 2;
			remoteGlobalIDString = 52F69EDE2A0B1EED00FA674F;
			remoteInfo = Designify;
		};
		52F69F202A0B22E400FA674F /* PBXContainerItemProxy */ = {
			isa = PBXContainerItemProxy;
			containerPortal = 52F69F192A0B22E400FA674F /* Designify.xcodeproj */;
			proxyType = 2;
			remoteGlobalIDString = 52F69EE82A0B1EED00FA674F;
			remoteInfo = DesignifyTests;
		};
		52F69FF62A0DBD5300FA674F /* PBXContainerItemProxy */ = {
			isa = PBXContainerItemProxy;
			containerPortal = 52F69FF12A0DBD5300FA674F /* Orders.xcodeproj */;
			proxyType = 2;
			remoteGlobalIDString = 52F69FBC2A0DBC5F00FA674F;
			remoteInfo = Orders;
		};
		52F69FF82A0DBD5300FA674F /* PBXContainerItemProxy */ = {
			isa = PBXContainerItemProxy;
			containerPortal = 52F69FF12A0DBD5300FA674F /* Orders.xcodeproj */;
			proxyType = 2;
			remoteGlobalIDString = 52F69FC62A0DBC6000FA674F;
			remoteInfo = OrdersTests;
		};
/* End PBXContainerItemProxy section */

/* Begin PBXCopyFilesBuildPhase section */
		52F69F832A0B56A900FA674F /* Embed Frameworks */ = {
			isa = PBXCopyFilesBuildPhase;
			buildActionMask = 2147483647;
			dstPath = "";
			dstSubfolderSpec = 10;
			files = (
				52F69F822A0B56A900FA674F /* Designify.framework in Embed Frameworks */,
				52F6A0AB2A0DC76E00FA674F /* Orders.framework in Embed Frameworks */,
			);
			name = "Embed Frameworks";
			runOnlyForDeploymentPostprocessing = 0;
		};
/* End PBXCopyFilesBuildPhase section */

/* Begin PBXFileReference section */
		521175842A049CA90034ABB1 /* AppleView.swift */ = {isa = PBXFileReference; lastKnownFileType = sourcecode.swift; path = AppleView.swift; sourceTree = "<group>"; };
		521175862A049CBE0034ABB1 /* BananaView.swift */ = {isa = PBXFileReference; lastKnownFileType = sourcecode.swift; path = BananaView.swift; sourceTree = "<group>"; };
		521175882A049CCC0034ABB1 /* CarrotView.swift */ = {isa = PBXFileReference; lastKnownFileType = sourcecode.swift; path = CarrotView.swift; sourceTree = "<group>"; };
		5211758A2A049CDB0034ABB1 /* LemonView.swift */ = {isa = PBXFileReference; lastKnownFileType = sourcecode.swift; path = LemonView.swift; sourceTree = "<group>"; };
		5211758C2A049CE50034ABB1 /* OliveView.swift */ = {isa = PBXFileReference; lastKnownFileType = sourcecode.swift; path = OliveView.swift; sourceTree = "<group>"; };
		521175902A04A3A90034ABB1 /* FlowCoordinator.swift */ = {isa = PBXFileReference; lastKnownFileType = sourcecode.swift; path = FlowCoordinator.swift; sourceTree = "<group>"; };
		521175922A06DB6E0034ABB1 /* AppDelegate.swift */ = {isa = PBXFileReference; lastKnownFileType = sourcecode.swift; path = AppDelegate.swift; sourceTree = "<group>"; };
		5211759A2A06E5F30034ABB1 /* PluginAssembly.swift */ = {isa = PBXFileReference; lastKnownFileType = sourcecode.swift; path = PluginAssembly.swift; sourceTree = "<group>"; };
		521175A52A06F1070034ABB1 /* TabContainerView.swift */ = {isa = PBXFileReference; lastKnownFileType = sourcecode.swift; path = TabContainerView.swift; sourceTree = "<group>"; };
		521175A72A06F1830034ABB1 /* TabCoordinator.swift */ = {isa = PBXFileReference; lastKnownFileType = sourcecode.swift; path = TabCoordinator.swift; sourceTree = "<group>"; };
		522B6E9E2A19C95E00799F60 /* Auth.xcodeproj */ = {isa = PBXFileReference; lastKnownFileType = "wrapper.pb-project"; name = Auth.xcodeproj; path = Auth/Auth.xcodeproj; sourceTree = "<group>"; };
		5240540E2A1A7E5D00778BF1 /* MBPlatform.xcodeproj */ = {isa = PBXFileReference; lastKnownFileType = "wrapper.pb-project"; name = MBPlatform.xcodeproj; path = MBPlatform/MBPlatform.xcodeproj; sourceTree = "<group>"; };
		524054702A1A8F9F00778BF1 /* Persistance.xcodeproj */ = {isa = PBXFileReference; lastKnownFileType = "wrapper.pb-project"; name = Persistance.xcodeproj; path = Persistance/Persistance.xcodeproj; sourceTree = "<group>"; };
		52A9E2A929FC91C2009522AB /* MiBodega.app */ = {isa = PBXFileReference; explicitFileType = wrapper.application; includeInIndex = 0; path = MiBodega.app; sourceTree = BUILT_PRODUCTS_DIR; };
		52A9E2AC29FC91C2009522AB /* MiBodegaApp.swift */ = {isa = PBXFileReference; lastKnownFileType = sourcecode.swift; path = MiBodegaApp.swift; sourceTree = "<group>"; };
		52A9E2B029FC91C4009522AB /* Assets.xcassets */ = {isa = PBXFileReference; lastKnownFileType = folder.assetcatalog; path = Assets.xcassets; sourceTree = "<group>"; };
		52A9E2B329FC91C4009522AB /* Preview Assets.xcassets */ = {isa = PBXFileReference; lastKnownFileType = folder.assetcatalog; path = "Preview Assets.xcassets"; sourceTree = "<group>"; };
		52A9E2C029FCACF7009522AB /* LogoView.swift */ = {isa = PBXFileReference; lastKnownFileType = sourcecode.swift; path = LogoView.swift; sourceTree = "<group>"; };
		52A9E2D229FD85FD009522AB /* LocalizableString.swift */ = {isa = PBXFileReference; lastKnownFileType = sourcecode.swift; path = LocalizableString.swift; sourceTree = "<group>"; };
		52A9E2D529FD8D1C009522AB /* en */ = {isa = PBXFileReference; lastKnownFileType = text.plist.strings; name = en; path = en.lproj/Localizable.strings; sourceTree = "<group>"; };
		52A9E3182A021E61009522AB /* CoordinatorView.swift */ = {isa = PBXFileReference; lastKnownFileType = sourcecode.swift; path = CoordinatorView.swift; sourceTree = "<group>"; };
		52D9235E2A0A0CEC009916AE /* IconsCoordinator.swift */ = {isa = PBXFileReference; lastKnownFileType = sourcecode.swift; path = IconsCoordinator.swift; sourceTree = "<group>"; };
		52F69F192A0B22E400FA674F /* Designify.xcodeproj */ = {isa = PBXFileReference; lastKnownFileType = "wrapper.pb-project"; name = Designify.xcodeproj; path = Designify/Designify.xcodeproj; sourceTree = "<group>"; };
		52F69FF12A0DBD5300FA674F /* Orders.xcodeproj */ = {isa = PBXFileReference; lastKnownFileType = "wrapper.pb-project"; name = Orders.xcodeproj; path = Orders/Orders.xcodeproj; sourceTree = "<group>"; };
		52F6A0A22A0DC0AD00FA674F /* OrdersCoordinator.swift */ = {isa = PBXFileReference; lastKnownFileType = sourcecode.swift; path = OrdersCoordinator.swift; sourceTree = "<group>"; };
/* End PBXFileReference section */

/* Begin PBXFrameworksBuildPhase section */
		52A9E2A629FC91C2009522AB /* Frameworks */ = {
			isa = PBXFrameworksBuildPhase;
			buildActionMask = 2147483647;
			files = (
				52F6A0AA2A0DC76E00FA674F /* Orders.framework in Frameworks */,
				521175992A06E5350034ABB1 /* Swinject in Frameworks */,
				52F69F812A0B56A900FA674F /* Designify.framework in Frameworks */,
			);
			runOnlyForDeploymentPostprocessing = 0;
		};
/* End PBXFrameworksBuildPhase section */

/* Begin PBXGroup section */
		521175832A049C7C0034ABB1 /* UIDemo */ = {
			isa = PBXGroup;
			children = (
				52A9E3182A021E61009522AB /* CoordinatorView.swift */,
				521175842A049CA90034ABB1 /* AppleView.swift */,
				521175862A049CBE0034ABB1 /* BananaView.swift */,
				521175882A049CCC0034ABB1 /* CarrotView.swift */,
				5211758A2A049CDB0034ABB1 /* LemonView.swift */,
				5211758C2A049CE50034ABB1 /* OliveView.swift */,
				521175902A04A3A90034ABB1 /* FlowCoordinator.swift */,
			);
			path = UIDemo;
			sourceTree = "<group>";
		};
		521175A22A06E9780034ABB1 /* Assembly */ = {
			isa = PBXGroup;
			children = (
				5211759A2A06E5F30034ABB1 /* PluginAssembly.swift */,
			);
			path = Assembly;
			sourceTree = "<group>";
		};
		522B6E9F2A19C95E00799F60 /* Products */ = {
			isa = PBXGroup;
			children = (
				522B6EA42A19C95E00799F60 /* Auth.framework */,
				522B6EA62A19C95E00799F60 /* AuthTests.xctest */,
				524053BD2A1A7CFB00778BF1 /* AuthApp.app */,
			);
			name = Products;
			sourceTree = "<group>";
		};
		5240540F2A1A7E5D00778BF1 /* Products */ = {
			isa = PBXGroup;
			children = (
				524054142A1A7E5D00778BF1 /* MBPlatform.framework */,
				524054162A1A7E5D00778BF1 /* MBPlatformTests.xctest */,
			);
			name = Products;
			sourceTree = "<group>";
		};
		524054712A1A8F9F00778BF1 /* Products */ = {
			isa = PBXGroup;
			children = (
				524054762A1A8F9F00778BF1 /* Persistance.framework */,
				524054782A1A8F9F00778BF1 /* PersistanceTests.xctest */,
			);
			name = Products;
			sourceTree = "<group>";
		};
		52A82FF62A132E8B0069B600 /* Logo */ = {
			isa = PBXGroup;
			children = (
				52A9E2C029FCACF7009522AB /* LogoView.swift */,
			);
			path = Logo;
			sourceTree = "<group>";
		};
		52A9E2A029FC91C2009522AB = {
			isa = PBXGroup;
			children = (
				52F69FB12A0DB99600FA674F /* Plugins */,
				52F69EF92A0B1FA700FA674F /* Platform */,
				52A9E2AB29FC91C2009522AB /* MiBodega */,
				52A9E2AA29FC91C2009522AB /* Products */,
				52F69F802A0B56A900FA674F /* Frameworks */,
			);
			sourceTree = "<group>";
		};
		52A9E2AA29FC91C2009522AB /* Products */ = {
			isa = PBXGroup;
			children = (
				52A9E2A929FC91C2009522AB /* MiBodega.app */,
			);
			name = Products;
			sourceTree = "<group>";
		};
		52A9E2AB29FC91C2009522AB /* MiBodega */ = {
			isa = PBXGroup;
			children = (
				52A9E2D929FD98E8009522AB /* Mock */,
				52A9E2CD29FD7E10009522AB /* Resources */,
				52A9E2CA29FD7D52009522AB /* Sources */,
			);
			path = MiBodega;
			sourceTree = "<group>";
		};
		52A9E2BF29FCAC63009522AB /* Tab */ = {
			isa = PBXGroup;
			children = (
				52A82FF62A132E8B0069B600 /* Logo */,
				52F6A0A12A0DC09200FA674F /* Orders */,
				52D9235D2A0A0C4D009916AE /* Icons */,
				521175A52A06F1070034ABB1 /* TabContainerView.swift */,
				521175A72A06F1830034ABB1 /* TabCoordinator.swift */,
			);
			path = Tab;
			sourceTree = "<group>";
		};
		52A9E2CA29FD7D52009522AB /* Sources */ = {
			isa = PBXGroup;
			children = (
				521175A22A06E9780034ABB1 /* Assembly */,
				52A9E2D129FD85C5009522AB /* Shared */,
				52A9E2CC29FD7DDA009522AB /* App */,
				52A9E2BF29FCAC63009522AB /* Tab */,
			);
			path = Sources;
			sourceTree = "<group>";
		};
		52A9E2CC29FD7DDA009522AB /* App */ = {
			isa = PBXGroup;
			children = (
				52A9E2AC29FC91C2009522AB /* MiBodegaApp.swift */,
				521175922A06DB6E0034ABB1 /* AppDelegate.swift */,
			);
			path = App;
			sourceTree = "<group>";
		};
		52A9E2CD29FD7E10009522AB /* Resources */ = {
			isa = PBXGroup;
			children = (
				52A9E2D029FD85AD009522AB /* Localizable */,
				52A9E2B329FC91C4009522AB /* Preview Assets.xcassets */,
				52A9E2B029FC91C4009522AB /* Assets.xcassets */,
			);
			path = Resources;
			sourceTree = "<group>";
		};
		52A9E2D029FD85AD009522AB /* Localizable */ = {
			isa = PBXGroup;
			children = (
				52A9E2D629FD8D1C009522AB /* Localizable.strings */,
			);
			path = Localizable;
			sourceTree = "<group>";
		};
		52A9E2D129FD85C5009522AB /* Shared */ = {
			isa = PBXGroup;
			children = (
				52A9E2D229FD85FD009522AB /* LocalizableString.swift */,
			);
			path = Shared;
			sourceTree = "<group>";
		};
		52A9E2D929FD98E8009522AB /* Mock */ = {
			isa = PBXGroup;
			children = (
				521175832A049C7C0034ABB1 /* UIDemo */,
			);
			path = Mock;
			sourceTree = "<group>";
		};
		52D9235D2A0A0C4D009916AE /* Icons */ = {
			isa = PBXGroup;
			children = (
				52D9235E2A0A0CEC009916AE /* IconsCoordinator.swift */,
			);
			path = Icons;
			sourceTree = "<group>";
		};
		52F69EF92A0B1FA700FA674F /* Platform */ = {
			isa = PBXGroup;
			children = (
				524054702A1A8F9F00778BF1 /* Persistance.xcodeproj */,
				5240540E2A1A7E5D00778BF1 /* MBPlatform.xcodeproj */,
				52F69F192A0B22E400FA674F /* Designify.xcodeproj */,
			);
			path = Platform;
			sourceTree = "<group>";
		};
		52F69F1A2A0B22E400FA674F /* Products */ = {
			isa = PBXGroup;
			children = (
				52F69F1F2A0B22E400FA674F /* Designify.framework */,
				52F69F212A0B22E400FA674F /* DesignifyTests.xctest */,
			);
			name = Products;
			sourceTree = "<group>";
		};
		52F69F802A0B56A900FA674F /* Frameworks */ = {
			isa = PBXGroup;
			children = (
			);
			name = Frameworks;
			sourceTree = "<group>";
		};
		52F69FB12A0DB99600FA674F /* Plugins */ = {
			isa = PBXGroup;
			children = (
				522B6E9E2A19C95E00799F60 /* Auth.xcodeproj */,
				52F69FF12A0DBD5300FA674F /* Orders.xcodeproj */,
			);
			path = Plugins;
			sourceTree = "<group>";
		};
		52F69FF22A0DBD5300FA674F /* Products */ = {
			isa = PBXGroup;
			children = (
				52F69FF72A0DBD5300FA674F /* Orders.framework */,
				52F69FF92A0DBD5300FA674F /* OrdersTests.xctest */,
				52A8304F2A187B7A0069B600 /* OrdersApp.app */,
				522B6E422A1982A600799F60 /* libOrdersMock.a */,
			);
			name = Products;
			sourceTree = "<group>";
		};
		52F6A0A12A0DC09200FA674F /* Orders */ = {
			isa = PBXGroup;
			children = (
				52F6A0A22A0DC0AD00FA674F /* OrdersCoordinator.swift */,
			);
			path = Orders;
			sourceTree = "<group>";
		};
/* End PBXGroup section */

/* Begin PBXNativeTarget section */
		52A9E2A829FC91C2009522AB /* MiBodega */ = {
			isa = PBXNativeTarget;
			buildConfigurationList = 52A9E2B729FC91C4009522AB /* Build configuration list for PBXNativeTarget "MiBodega" */;
			buildPhases = (
				52A9E2A529FC91C2009522AB /* Sources */,
				52A9E2A629FC91C2009522AB /* Frameworks */,
				52A9E2A729FC91C2009522AB /* Resources */,
				52F69F832A0B56A900FA674F /* Embed Frameworks */,
			);
			buildRules = (
			);
			dependencies = (
			);
			name = MiBodega;
			packageProductDependencies = (
				521175982A06E5350034ABB1 /* Swinject */,
			);
			productName = LaPizza;
			productReference = 52A9E2A929FC91C2009522AB /* MiBodega.app */;
			productType = "com.apple.product-type.application";
		};
/* End PBXNativeTarget section */

/* Begin PBXProject section */
		52A9E2A129FC91C2009522AB /* Project object */ = {
			isa = PBXProject;
			attributes = {
				BuildIndependentTargetsInParallel = 1;
				LastSwiftUpdateCheck = 1410;
				LastUpgradeCheck = 1410;
				TargetAttributes = {
					52A9E2A829FC91C2009522AB = {
						CreatedOnToolsVersion = 14.1;
					};
				};
			};
			buildConfigurationList = 52A9E2A429FC91C2009522AB /* Build configuration list for PBXProject "MiBodega" */;
			compatibilityVersion = "Xcode 14.0";
			developmentRegion = en;
			hasScannedForEncodings = 0;
			knownRegions = (
				en,
				Base,
			);
			mainGroup = 52A9E2A029FC91C2009522AB;
			packageReferences = (
				521175972A06E5350034ABB1 /* XCRemoteSwiftPackageReference "Swinject" */,
			);
			productRefGroup = 52A9E2AA29FC91C2009522AB /* Products */;
			projectDirPath = "";
			projectReferences = (
				{
					ProductGroup = 522B6E9F2A19C95E00799F60 /* Products */;
					ProjectRef = 522B6E9E2A19C95E00799F60 /* Auth.xcodeproj */;
				},
				{
					ProductGroup = 52F69F1A2A0B22E400FA674F /* Products */;
					ProjectRef = 52F69F192A0B22E400FA674F /* Designify.xcodeproj */;
				},
				{
					ProductGroup = 5240540F2A1A7E5D00778BF1 /* Products */;
					ProjectRef = 5240540E2A1A7E5D00778BF1 /* MBPlatform.xcodeproj */;
				},
				{
					ProductGroup = 52F69FF22A0DBD5300FA674F /* Products */;
					ProjectRef = 52F69FF12A0DBD5300FA674F /* Orders.xcodeproj */;
				},
				{
					ProductGroup = 524054712A1A8F9F00778BF1 /* Products */;
					ProjectRef = 524054702A1A8F9F00778BF1 /* Persistance.xcodeproj */;
				},
			);
			projectRoot = "";
			targets = (
				52A9E2A829FC91C2009522AB /* MiBodega */,
			);
		};
/* End PBXProject section */

/* Begin PBXReferenceProxy section */
		522B6E422A1982A600799F60 /* libOrdersMock.a */ = {
			isa = PBXReferenceProxy;
			fileType = archive.ar;
			path = libOrdersMock.a;
			remoteRef = 522B6E412A1982A600799F60 /* PBXContainerItemProxy */;
			sourceTree = BUILT_PRODUCTS_DIR;
		};
		522B6EA42A19C95E00799F60 /* Auth.framework */ = {
			isa = PBXReferenceProxy;
			fileType = wrapper.framework;
			path = Auth.framework;
			remoteRef = 522B6EA32A19C95E00799F60 /* PBXContainerItemProxy */;
			sourceTree = BUILT_PRODUCTS_DIR;
		};
		522B6EA62A19C95E00799F60 /* AuthTests.xctest */ = {
			isa = PBXReferenceProxy;
			fileType = wrapper.cfbundle;
			path = AuthTests.xctest;
			remoteRef = 522B6EA52A19C95E00799F60 /* PBXContainerItemProxy */;
			sourceTree = BUILT_PRODUCTS_DIR;
		};
		524053BD2A1A7CFB00778BF1 /* AuthApp.app */ = {
			isa = PBXReferenceProxy;
			fileType = wrapper.application;
			path = AuthApp.app;
			remoteRef = 524053BC2A1A7CFB00778BF1 /* PBXContainerItemProxy */;
			sourceTree = BUILT_PRODUCTS_DIR;
		};
		524054142A1A7E5D00778BF1 /* MBPlatform.framework */ = {
			isa = PBXReferenceProxy;
			fileType = wrapper.framework;
			path = MBPlatform.framework;
			remoteRef = 524054132A1A7E5D00778BF1 /* PBXContainerItemProxy */;
			sourceTree = BUILT_PRODUCTS_DIR;
		};
		524054162A1A7E5D00778BF1 /* MBPlatformTests.xctest */ = {
			isa = PBXReferenceProxy;
			fileType = wrapper.cfbundle;
			path = MBPlatformTests.xctest;
			remoteRef = 524054152A1A7E5D00778BF1 /* PBXContainerItemProxy */;
			sourceTree = BUILT_PRODUCTS_DIR;
		};
		524054762A1A8F9F00778BF1 /* Persistance.framework */ = {
			isa = PBXReferenceProxy;
			fileType = wrapper.framework;
			path = Persistance.framework;
			remoteRef = 524054752A1A8F9F00778BF1 /* PBXContainerItemProxy */;
			sourceTree = BUILT_PRODUCTS_DIR;
		};
		524054782A1A8F9F00778BF1 /* PersistanceTests.xctest */ = {
			isa = PBXReferenceProxy;
			fileType = wrapper.cfbundle;
			path = PersistanceTests.xctest;
			remoteRef = 524054772A1A8F9F00778BF1 /* PBXContainerItemProxy */;
			sourceTree = BUILT_PRODUCTS_DIR;
		};
		52A8304F2A187B7A0069B600 /* OrdersApp.app */ = {
			isa = PBXReferenceProxy;
			fileType = wrapper.application;
			path = OrdersApp.app;
			remoteRef = 52A8304E2A187B7A0069B600 /* PBXContainerItemProxy */;
			sourceTree = BUILT_PRODUCTS_DIR;
		};
		52F69F1F2A0B22E400FA674F /* Designify.framework */ = {
			isa = PBXReferenceProxy;
			fileType = wrapper.framework;
			path = Designify.framework;
			remoteRef = 52F69F1E2A0B22E400FA674F /* PBXContainerItemProxy */;
			sourceTree = BUILT_PRODUCTS_DIR;
		};
		52F69F212A0B22E400FA674F /* DesignifyTests.xctest */ = {
			isa = PBXReferenceProxy;
			fileType = wrapper.cfbundle;
			path = DesignifyTests.xctest;
			remoteRef = 52F69F202A0B22E400FA674F /* PBXContainerItemProxy */;
			sourceTree = BUILT_PRODUCTS_DIR;
		};
		52F69FF72A0DBD5300FA674F /* Orders.framework */ = {
			isa = PBXReferenceProxy;
			fileType = wrapper.framework;
			path = Orders.framework;
			remoteRef = 52F69FF62A0DBD5300FA674F /* PBXContainerItemProxy */;
			sourceTree = BUILT_PRODUCTS_DIR;
		};
		52F69FF92A0DBD5300FA674F /* OrdersTests.xctest */ = {
			isa = PBXReferenceProxy;
			fileType = wrapper.cfbundle;
			path = OrdersTests.xctest;
			remoteRef = 52F69FF82A0DBD5300FA674F /* PBXContainerItemProxy */;
			sourceTree = BUILT_PRODUCTS_DIR;
		};
/* End PBXReferenceProxy section */

/* Begin PBXResourcesBuildPhase section */
		52A9E2A729FC91C2009522AB /* Resources */ = {
			isa = PBXResourcesBuildPhase;
			buildActionMask = 2147483647;
			files = (
				52A9E2B429FC91C4009522AB /* Preview Assets.xcassets in Resources */,
				52A9E2D429FD8D1C009522AB /* Localizable.strings in Resources */,
				52A9E2B129FC91C4009522AB /* Assets.xcassets in Resources */,
			);
			runOnlyForDeploymentPostprocessing = 0;
		};
/* End PBXResourcesBuildPhase section */

/* Begin PBXSourcesBuildPhase section */
		52A9E2A529FC91C2009522AB /* Sources */ = {
			isa = PBXSourcesBuildPhase;
			buildActionMask = 2147483647;
			files = (
				521175912A04A3A90034ABB1 /* FlowCoordinator.swift in Sources */,
				521175872A049CBE0034ABB1 /* BananaView.swift in Sources */,
				5211759B2A06E5F30034ABB1 /* PluginAssembly.swift in Sources */,
				521175A82A06F1830034ABB1 /* TabCoordinator.swift in Sources */,
				5211758B2A049CDB0034ABB1 /* LemonView.swift in Sources */,
				52A9E3192A021E61009522AB /* CoordinatorView.swift in Sources */,
				521175852A049CA90034ABB1 /* AppleView.swift in Sources */,
				52A9E2D329FD85FD009522AB /* LocalizableString.swift in Sources */,
				5211758D2A049CE50034ABB1 /* OliveView.swift in Sources */,
				521175892A049CCC0034ABB1 /* CarrotView.swift in Sources */,
				521175932A06DB6E0034ABB1 /* AppDelegate.swift in Sources */,
				52A9E2C129FCACF7009522AB /* LogoView.swift in Sources */,
				52D9235F2A0A0CEC009916AE /* IconsCoordinator.swift in Sources */,
				52A9E2AD29FC91C2009522AB /* MiBodegaApp.swift in Sources */,
				521175A62A06F1070034ABB1 /* TabContainerView.swift in Sources */,
				52F6A0A32A0DC0AD00FA674F /* OrdersCoordinator.swift in Sources */,
			);
			runOnlyForDeploymentPostprocessing = 0;
		};
/* End PBXSourcesBuildPhase section */

/* Begin PBXVariantGroup section */
		52A9E2D629FD8D1C009522AB /* Localizable.strings */ = {
			isa = PBXVariantGroup;
			children = (
				52A9E2D529FD8D1C009522AB /* en */,
			);
			name = Localizable.strings;
			sourceTree = "<group>";
		};
/* End PBXVariantGroup section */

/* Begin XCBuildConfiguration section */
		52A9E2B529FC91C4009522AB /* Debug */ = {
			isa = XCBuildConfiguration;
			buildSettings = {
				ALWAYS_SEARCH_USER_PATHS = NO;
				CLANG_ANALYZER_NONNULL = YES;
				CLANG_ANALYZER_NUMBER_OBJECT_CONVERSION = YES_AGGRESSIVE;
				CLANG_CXX_LANGUAGE_STANDARD = "gnu++20";
				CLANG_ENABLE_MODULES = YES;
				CLANG_ENABLE_OBJC_ARC = YES;
				CLANG_ENABLE_OBJC_WEAK = YES;
				CLANG_WARN_BLOCK_CAPTURE_AUTORELEASING = YES;
				CLANG_WARN_BOOL_CONVERSION = YES;
				CLANG_WARN_COMMA = YES;
				CLANG_WARN_CONSTANT_CONVERSION = YES;
				CLANG_WARN_DEPRECATED_OBJC_IMPLEMENTATIONS = YES;
				CLANG_WARN_DIRECT_OBJC_ISA_USAGE = YES_ERROR;
				CLANG_WARN_DOCUMENTATION_COMMENTS = YES;
				CLANG_WARN_EMPTY_BODY = YES;
				CLANG_WARN_ENUM_CONVERSION = YES;
				CLANG_WARN_INFINITE_RECURSION = YES;
				CLANG_WARN_INT_CONVERSION = YES;
				CLANG_WARN_NON_LITERAL_NULL_CONVERSION = YES;
				CLANG_WARN_OBJC_IMPLICIT_RETAIN_SELF = YES;
				CLANG_WARN_OBJC_LITERAL_CONVERSION = YES;
				CLANG_WARN_OBJC_ROOT_CLASS = YES_ERROR;
				CLANG_WARN_QUOTED_INCLUDE_IN_FRAMEWORK_HEADER = YES;
				CLANG_WARN_RANGE_LOOP_ANALYSIS = YES;
				CLANG_WARN_STRICT_PROTOTYPES = YES;
				CLANG_WARN_SUSPICIOUS_MOVE = YES;
				CLANG_WARN_UNGUARDED_AVAILABILITY = YES_AGGRESSIVE;
				CLANG_WARN_UNREACHABLE_CODE = YES;
				CLANG_WARN__DUPLICATE_METHOD_MATCH = YES;
				COPY_PHASE_STRIP = NO;
				DEBUG_INFORMATION_FORMAT = dwarf;
				ENABLE_STRICT_OBJC_MSGSEND = YES;
				ENABLE_TESTABILITY = YES;
				GCC_C_LANGUAGE_STANDARD = gnu11;
				GCC_DYNAMIC_NO_PIC = NO;
				GCC_NO_COMMON_BLOCKS = YES;
				GCC_OPTIMIZATION_LEVEL = 0;
				GCC_PREPROCESSOR_DEFINITIONS = (
					"DEBUG=1",
					"$(inherited)",
				);
				GCC_WARN_64_TO_32_BIT_CONVERSION = YES;
				GCC_WARN_ABOUT_RETURN_TYPE = YES_ERROR;
				GCC_WARN_UNDECLARED_SELECTOR = YES;
				GCC_WARN_UNINITIALIZED_AUTOS = YES_AGGRESSIVE;
				GCC_WARN_UNUSED_FUNCTION = YES;
				GCC_WARN_UNUSED_VARIABLE = YES;
				IPHONEOS_DEPLOYMENT_TARGET = 16.1;
				MTL_ENABLE_DEBUG_INFO = INCLUDE_SOURCE;
				MTL_FAST_MATH = YES;
				ONLY_ACTIVE_ARCH = YES;
				SDKROOT = iphoneos;
				SWIFT_ACTIVE_COMPILATION_CONDITIONS = DEBUG;
				SWIFT_OPTIMIZATION_LEVEL = "-Onone";
			};
			name = Debug;
		};
		52A9E2B629FC91C4009522AB /* Release */ = {
			isa = XCBuildConfiguration;
			buildSettings = {
				ALWAYS_SEARCH_USER_PATHS = NO;
				CLANG_ANALYZER_NONNULL = YES;
				CLANG_ANALYZER_NUMBER_OBJECT_CONVERSION = YES_AGGRESSIVE;
				CLANG_CXX_LANGUAGE_STANDARD = "gnu++20";
				CLANG_ENABLE_MODULES = YES;
				CLANG_ENABLE_OBJC_ARC = YES;
				CLANG_ENABLE_OBJC_WEAK = YES;
				CLANG_WARN_BLOCK_CAPTURE_AUTORELEASING = YES;
				CLANG_WARN_BOOL_CONVERSION = YES;
				CLANG_WARN_COMMA = YES;
				CLANG_WARN_CONSTANT_CONVERSION = YES;
				CLANG_WARN_DEPRECATED_OBJC_IMPLEMENTATIONS = YES;
				CLANG_WARN_DIRECT_OBJC_ISA_USAGE = YES_ERROR;
				CLANG_WARN_DOCUMENTATION_COMMENTS = YES;
				CLANG_WARN_EMPTY_BODY = YES;
				CLANG_WARN_ENUM_CONVERSION = YES;
				CLANG_WARN_INFINITE_RECURSION = YES;
				CLANG_WARN_INT_CONVERSION = YES;
				CLANG_WARN_NON_LITERAL_NULL_CONVERSION = YES;
				CLANG_WARN_OBJC_IMPLICIT_RETAIN_SELF = YES;
				CLANG_WARN_OBJC_LITERAL_CONVERSION = YES;
				CLANG_WARN_OBJC_ROOT_CLASS = YES_ERROR;
				CLANG_WARN_QUOTED_INCLUDE_IN_FRAMEWORK_HEADER = YES;
				CLANG_WARN_RANGE_LOOP_ANALYSIS = YES;
				CLANG_WARN_STRICT_PROTOTYPES = YES;
				CLANG_WARN_SUSPICIOUS_MOVE = YES;
				CLANG_WARN_UNGUARDED_AVAILABILITY = YES_AGGRESSIVE;
				CLANG_WARN_UNREACHABLE_CODE = YES;
				CLANG_WARN__DUPLICATE_METHOD_MATCH = YES;
				COPY_PHASE_STRIP = NO;
				DEBUG_INFORMATION_FORMAT = "dwarf-with-dsym";
				ENABLE_NS_ASSERTIONS = NO;
				ENABLE_STRICT_OBJC_MSGSEND = YES;
				GCC_C_LANGUAGE_STANDARD = gnu11;
				GCC_NO_COMMON_BLOCKS = YES;
				GCC_WARN_64_TO_32_BIT_CONVERSION = YES;
				GCC_WARN_ABOUT_RETURN_TYPE = YES_ERROR;
				GCC_WARN_UNDECLARED_SELECTOR = YES;
				GCC_WARN_UNINITIALIZED_AUTOS = YES_AGGRESSIVE;
				GCC_WARN_UNUSED_FUNCTION = YES;
				GCC_WARN_UNUSED_VARIABLE = YES;
				IPHONEOS_DEPLOYMENT_TARGET = 16.1;
				MTL_ENABLE_DEBUG_INFO = NO;
				MTL_FAST_MATH = YES;
				SDKROOT = iphoneos;
				SWIFT_COMPILATION_MODE = wholemodule;
				SWIFT_OPTIMIZATION_LEVEL = "-O";
				VALIDATE_PRODUCT = YES;
			};
			name = Release;
		};
		52A9E2B829FC91C4009522AB /* Debug */ = {
			isa = XCBuildConfiguration;
			buildSettings = {
				ASSETCATALOG_COMPILER_APPICON_NAME = AppIcon;
				ASSETCATALOG_COMPILER_GLOBAL_ACCENT_COLOR_NAME = AccentColor;
				CODE_SIGN_STYLE = Automatic;
				CURRENT_PROJECT_VERSION = 1;
				DEVELOPMENT_ASSET_PATHS = "\"MiBodega/Resources/\"";
				DEVELOPMENT_TEAM = XWYBXAANR7;
				ENABLE_PREVIEWS = YES;
				GENERATE_INFOPLIST_FILE = YES;
				INFOPLIST_KEY_CFBundleDisplayName = "Mi Bodega";
				INFOPLIST_KEY_UIApplicationSceneManifest_Generation = YES;
				INFOPLIST_KEY_UIApplicationSupportsIndirectInputEvents = YES;
				INFOPLIST_KEY_UILaunchScreen_Generation = YES;
				INFOPLIST_KEY_UISupportedInterfaceOrientations_iPad = "UIInterfaceOrientationPortrait UIInterfaceOrientationPortraitUpsideDown UIInterfaceOrientationLandscapeLeft UIInterfaceOrientationLandscapeRight";
				INFOPLIST_KEY_UISupportedInterfaceOrientations_iPhone = "UIInterfaceOrientationPortrait UIInterfaceOrientationLandscapeLeft UIInterfaceOrientationLandscapeRight";
				IPHONEOS_DEPLOYMENT_TARGET = 16.0;
				LD_RUNPATH_SEARCH_PATHS = (
					"$(inherited)",
					"@executable_path/Frameworks",
				);
				MARKETING_VERSION = 1.0;
				PRODUCT_BUNDLE_IDENTIFIER = com.palaguachi.MiBodega;
				PRODUCT_NAME = "$(TARGET_NAME)";
				SWIFT_EMIT_LOC_STRINGS = YES;
				SWIFT_VERSION = 5.0;
				TARGETED_DEVICE_FAMILY = "1,2";
			};
			name = Debug;
		};
		52A9E2B929FC91C4009522AB /* Release */ = {
			isa = XCBuildConfiguration;
			buildSettings = {
				ASSETCATALOG_COMPILER_APPICON_NAME = AppIcon;
				ASSETCATALOG_COMPILER_GLOBAL_ACCENT_COLOR_NAME = AccentColor;
				CODE_SIGN_STYLE = Automatic;
				CURRENT_PROJECT_VERSION = 1;
				DEVELOPMENT_ASSET_PATHS = "\"MiBodega/Resources/\"";
				DEVELOPMENT_TEAM = XWYBXAANR7;
				ENABLE_PREVIEWS = YES;
				GENERATE_INFOPLIST_FILE = YES;
				INFOPLIST_KEY_CFBundleDisplayName = "Mi Bodega";
				INFOPLIST_KEY_UIApplicationSceneManifest_Generation = YES;
				INFOPLIST_KEY_UIApplicationSupportsIndirectInputEvents = YES;
				INFOPLIST_KEY_UILaunchScreen_Generation = YES;
				INFOPLIST_KEY_UISupportedInterfaceOrientations_iPad = "UIInterfaceOrientationPortrait UIInterfaceOrientationPortraitUpsideDown UIInterfaceOrientationLandscapeLeft UIInterfaceOrientationLandscapeRight";
				INFOPLIST_KEY_UISupportedInterfaceOrientations_iPhone = "UIInterfaceOrientationPortrait UIInterfaceOrientationLandscapeLeft UIInterfaceOrientationLandscapeRight";
				IPHONEOS_DEPLOYMENT_TARGET = 16.0;
				LD_RUNPATH_SEARCH_PATHS = (
					"$(inherited)",
					"@executable_path/Frameworks",
				);
				MARKETING_VERSION = 1.0;
				PRODUCT_BUNDLE_IDENTIFIER = com.palaguachi.MiBodega;
				PRODUCT_NAME = "$(TARGET_NAME)";
				SWIFT_EMIT_LOC_STRINGS = YES;
				SWIFT_VERSION = 5.0;
				TARGETED_DEVICE_FAMILY = "1,2";
			};
			name = Release;
		};
/* End XCBuildConfiguration section */

/* Begin XCConfigurationList section */
		52A9E2A429FC91C2009522AB /* Build configuration list for PBXProject "MiBodega" */ = {
			isa = XCConfigurationList;
			buildConfigurations = (
				52A9E2B529FC91C4009522AB /* Debug */,
				52A9E2B629FC91C4009522AB /* Release */,
			);
			defaultConfigurationIsVisible = 0;
			defaultConfigurationName = Release;
		};
		52A9E2B729FC91C4009522AB /* Build configuration list for PBXNativeTarget "MiBodega" */ = {
			isa = XCConfigurationList;
			buildConfigurations = (
				52A9E2B829FC91C4009522AB /* Debug */,
				52A9E2B929FC91C4009522AB /* Release */,
			);
			defaultConfigurationIsVisible = 0;
			defaultConfigurationName = Release;
		};
/* End XCConfigurationList section */

/* Begin XCRemoteSwiftPackageReference section */
		521175972A06E5350034ABB1 /* XCRemoteSwiftPackageReference "Swinject" */ = {
			isa = XCRemoteSwiftPackageReference;
			repositoryURL = "https://github.com/Swinject/Swinject";
			requirement = {
				branch = master;
				kind = branch;
			};
		};
/* End XCRemoteSwiftPackageReference section */

/* Begin XCSwiftPackageProductDependency section */
		521175982A06E5350034ABB1 /* Swinject */ = {
			isa = XCSwiftPackageProductDependency;
			package = 521175972A06E5350034ABB1 /* XCRemoteSwiftPackageReference "Swinject" */;
			productName = Swinject;
		};
/* End XCSwiftPackageProductDependency section */
	};
	rootObject = 52A9E2A129FC91C2009522AB /* Project object */;
}
